// !$*UTF8*$!
{
	archiveVersion = 1;
	classes = {
	};
	objectVersion = 46;
	objects = {

/* Begin PBXBuildFile section */
		57151B081D11A7250044E18D /* typeDefs.cpp in Sources */ = {isa = PBXBuildFile; fileRef = 57151B061D11A7250044E18D /* typeDefs.cpp */; };
		57151B091D11A7250044E18D /* typeDefs.cpp in Sources */ = {isa = PBXBuildFile; fileRef = 57151B061D11A7250044E18D /* typeDefs.cpp */; };
		573619501DB54F7E00802365 /* learning_miner.cpp in Sources */ = {isa = PBXBuildFile; fileRef = 5736194E1DB54F7E00802365 /* learning_miner.cpp */; };
		573619511DB54F7E00802365 /* learning_miner.cpp in Sources */ = {isa = PBXBuildFile; fileRef = 5736194E1DB54F7E00802365 /* learning_miner.cpp */; };
		573619581DB5653E00802365 /* minerImp.cpp in Sources */ = {isa = PBXBuildFile; fileRef = 573619561DB5653E00802365 /* minerImp.cpp */; };
		573619591DB5653E00802365 /* minerImp.cpp in Sources */ = {isa = PBXBuildFile; fileRef = 573619561DB5653E00802365 /* minerImp.cpp */; };
		57467E8E1D26F66F00AA6D27 /* game_result.cpp in Sources */ = {isa = PBXBuildFile; fileRef = 57467E8C1D26F66F00AA6D27 /* game_result.cpp */; };
		57467E8F1D26F66F00AA6D27 /* game_result.cpp in Sources */ = {isa = PBXBuildFile; fileRef = 57467E8C1D26F66F00AA6D27 /* game_result.cpp */; };
		576CFAC91D0CF41B00360E74 /* withholding_publisher.cpp in Sources */ = {isa = PBXBuildFile; fileRef = 576CFAC71D0CF41B00360E74 /* withholding_publisher.cpp */; };
		576CFACA1D0CF41B00360E74 /* withholding_publisher.cpp in Sources */ = {isa = PBXBuildFile; fileRef = 576CFAC71D0CF41B00360E74 /* withholding_publisher.cpp */; };
		576CFACD1D0CF94500360E74 /* simple_publisher.cpp in Sources */ = {isa = PBXBuildFile; fileRef = 576CFACB1D0CF94500360E74 /* simple_publisher.cpp */; };
		576CFACE1D0CF94500360E74 /* simple_publisher.cpp in Sources */ = {isa = PBXBuildFile; fileRef = 576CFACB1D0CF94500360E74 /* simple_publisher.cpp */; };
		576CFAD31D0D00AC00360E74 /* mining_style.cpp in Sources */ = {isa = PBXBuildFile; fileRef = 576CFAD11D0D00AC00360E74 /* mining_style.cpp */; };
		576CFAD41D0D00AC00360E74 /* mining_style.cpp in Sources */ = {isa = PBXBuildFile; fileRef = 576CFAD11D0D00AC00360E74 /* mining_style.cpp */; };
		576CFAD71D0D029000360E74 /* simple_mining_style.cpp in Sources */ = {isa = PBXBuildFile; fileRef = 576CFAD51D0D029000360E74 /* simple_mining_style.cpp */; };
		576CFAD81D0D029000360E74 /* simple_mining_style.cpp in Sources */ = {isa = PBXBuildFile; fileRef = 576CFAD51D0D029000360E74 /* simple_mining_style.cpp */; };
		576CFADB1D0D1EB500360E74 /* picky_mining_style.cpp in Sources */ = {isa = PBXBuildFile; fileRef = 576CFAD91D0D1EB500360E74 /* picky_mining_style.cpp */; };
		576CFADC1D0D1EB500360E74 /* picky_mining_style.cpp in Sources */ = {isa = PBXBuildFile; fileRef = 576CFAD91D0D1EB500360E74 /* picky_mining_style.cpp */; };
		5790259D1D15E126002DDF46 /* miner_result.cpp in Sources */ = {isa = PBXBuildFile; fileRef = 5790259B1D15E126002DDF46 /* miner_result.cpp */; };
		5790259E1D15E126002DDF46 /* miner_result.cpp in Sources */ = {isa = PBXBuildFile; fileRef = 5790259B1D15E126002DDF46 /* miner_result.cpp */; };
		579025A11D179AD2002DDF46 /* publisherQueue.cpp in Sources */ = {isa = PBXBuildFile; fileRef = 5790259F1D179AD2002DDF46 /* publisherQueue.cpp */; };
		579025A21D179AD2002DDF46 /* publisherQueue.cpp in Sources */ = {isa = PBXBuildFile; fileRef = 5790259F1D179AD2002DDF46 /* publisherQueue.cpp */; };
		57B9326F1D09FAE3005D2F69 /* minerGroup.cpp in Sources */ = {isa = PBXBuildFile; fileRef = 57B9326D1D09FAE3005D2F69 /* minerGroup.cpp */; };
		57B932701D09FAE3005D2F69 /* minerGroup.cpp in Sources */ = {isa = PBXBuildFile; fileRef = 57B9326D1D09FAE3005D2F69 /* minerGroup.cpp */; };
		57B9327B1D0CF1E6005D2F69 /* publishing_strategy.cpp in Sources */ = {isa = PBXBuildFile; fileRef = 57B932791D0CF1E5005D2F69 /* publishing_strategy.cpp */; };
		57B9327C1D0CF1E6005D2F69 /* publishing_strategy.cpp in Sources */ = {isa = PBXBuildFile; fileRef = 57B932791D0CF1E5005D2F69 /* publishing_strategy.cpp */; };
		57DCB2581D067A9B006C59E0 /* main.cpp in Sources */ = {isa = PBXBuildFile; fileRef = 57DCB2571D067A9B006C59E0 /* main.cpp */; };
		57DCB25C1D067B79006C59E0 /* strategy.cpp in Sources */ = {isa = PBXBuildFile; fileRef = 57094E4E1CFE1B920040EF6F /* strategy.cpp */; };
		57DCB25D1D067B79006C59E0 /* utils.cpp in Sources */ = {isa = PBXBuildFile; fileRef = 57EB9B1B1CF68031001244AF /* utils.cpp */; };
		57DCB25E1D067B79006C59E0 /* miner.cpp in Sources */ = {isa = PBXBuildFile; fileRef = 57EB9B071CF6617C001244AF /* miner.cpp */; };
		57DCB25F1D067B79006C59E0 /* default_miner.cpp in Sources */ = {isa = PBXBuildFile; fileRef = 57EB9B141CF669D1001244AF /* default_miner.cpp */; };
		57DCB2601D067B79006C59E0 /* petty_miner.cpp in Sources */ = {isa = PBXBuildFile; fileRef = 57EB9B281CF69EB2001244AF /* petty_miner.cpp */; };
		57DCB2611D067B79006C59E0 /* function_fork_miner.cpp in Sources */ = {isa = PBXBuildFile; fileRef = 57EB9B171CF66A1D001244AF /* function_fork_miner.cpp */; };
		57DCB2621D067B79006C59E0 /* lazy_fork_miner.cpp in Sources */ = {isa = PBXBuildFile; fileRef = 57EB9B251CF69E40001244AF /* lazy_fork_miner.cpp */; };
		57DCB2641D067B79006C59E0 /* gap_miner.cpp in Sources */ = {isa = PBXBuildFile; fileRef = 57EB9B2B1CF69F02001244AF /* gap_miner.cpp */; };
		57DCB2651D067B79006C59E0 /* default_selfish_miner.cpp in Sources */ = {isa = PBXBuildFile; fileRef = 57DCB24C1D06351C006C59E0 /* default_selfish_miner.cpp */; };
		57DCB2661D067B79006C59E0 /* selfish_miner.cpp in Sources */ = {isa = PBXBuildFile; fileRef = 57EB9B1F1CF6865E001244AF /* selfish_miner.cpp */; };
		57DCB2671D067B79006C59E0 /* clever_selfish_miner.cpp in Sources */ = {isa = PBXBuildFile; fileRef = 57DCB2491D060725006C59E0 /* clever_selfish_miner.cpp */; };
		57DCB2681D067B79006C59E0 /* block.cpp in Sources */ = {isa = PBXBuildFile; fileRef = 57EB9B0B1CF663B1001244AF /* block.cpp */; };
		57DCB2691D067B79006C59E0 /* blockchain.cpp in Sources */ = {isa = PBXBuildFile; fileRef = 57EB9B0E1CF6667B001244AF /* blockchain.cpp */; };
		57DCB26E1D067BC9006C59E0 /* game.cpp in Sources */ = {isa = PBXBuildFile; fileRef = 57DCB26B1D067BC9006C59E0 /* game.cpp */; };
		57DCB2761D067D37006C59E0 /* main.cpp in Sources */ = {isa = PBXBuildFile; fileRef = 57DCB2751D067D37006C59E0 /* main.cpp */; };
		57DCB27A1D067D9F006C59E0 /* strategy.cpp in Sources */ = {isa = PBXBuildFile; fileRef = 57094E4E1CFE1B920040EF6F /* strategy.cpp */; };
		57DCB27B1D067D9F006C59E0 /* utils.cpp in Sources */ = {isa = PBXBuildFile; fileRef = 57EB9B1B1CF68031001244AF /* utils.cpp */; };
		57DCB27C1D067D9F006C59E0 /* miner.cpp in Sources */ = {isa = PBXBuildFile; fileRef = 57EB9B071CF6617C001244AF /* miner.cpp */; };
		57DCB27D1D067D9F006C59E0 /* default_miner.cpp in Sources */ = {isa = PBXBuildFile; fileRef = 57EB9B141CF669D1001244AF /* default_miner.cpp */; };
		57DCB27E1D067D9F006C59E0 /* petty_miner.cpp in Sources */ = {isa = PBXBuildFile; fileRef = 57EB9B281CF69EB2001244AF /* petty_miner.cpp */; };
		57DCB27F1D067D9F006C59E0 /* function_fork_miner.cpp in Sources */ = {isa = PBXBuildFile; fileRef = 57EB9B171CF66A1D001244AF /* function_fork_miner.cpp */; };
		57DCB2801D067D9F006C59E0 /* lazy_fork_miner.cpp in Sources */ = {isa = PBXBuildFile; fileRef = 57EB9B251CF69E40001244AF /* lazy_fork_miner.cpp */; };
		57DCB2821D067D9F006C59E0 /* gap_miner.cpp in Sources */ = {isa = PBXBuildFile; fileRef = 57EB9B2B1CF69F02001244AF /* gap_miner.cpp */; };
		57DCB2831D067D9F006C59E0 /* default_selfish_miner.cpp in Sources */ = {isa = PBXBuildFile; fileRef = 57DCB24C1D06351C006C59E0 /* default_selfish_miner.cpp */; };
		57DCB2841D067D9F006C59E0 /* selfish_miner.cpp in Sources */ = {isa = PBXBuildFile; fileRef = 57EB9B1F1CF6865E001244AF /* selfish_miner.cpp */; };
		57DCB2851D067D9F006C59E0 /* clever_selfish_miner.cpp in Sources */ = {isa = PBXBuildFile; fileRef = 57DCB2491D060725006C59E0 /* clever_selfish_miner.cpp */; };
		57DCB2861D067D9F006C59E0 /* block.cpp in Sources */ = {isa = PBXBuildFile; fileRef = 57EB9B0B1CF663B1001244AF /* block.cpp */; };
		57DCB2871D067D9F006C59E0 /* blockchain.cpp in Sources */ = {isa = PBXBuildFile; fileRef = 57EB9B0E1CF6667B001244AF /* blockchain.cpp */; };
		57DCB2891D067D9F006C59E0 /* game.cpp in Sources */ = {isa = PBXBuildFile; fileRef = 57DCB26B1D067BC9006C59E0 /* game.cpp */; };
		57EF09261DBDC22500C31A35 /* learning_model.cpp in Sources */ = {isa = PBXBuildFile; fileRef = 57EF09241DBDC22500C31A35 /* learning_model.cpp */; };
		57EF09291DBDC33800C31A35 /* exp3_learning_model.cpp in Sources */ = {isa = PBXBuildFile; fileRef = 57EF09271DBDC33800C31A35 /* exp3_learning_model.cpp */; };
		57EF092C1DBDC77100C31A35 /* multiplicative_weights_learning_model.cpp in Sources */ = {isa = PBXBuildFile; fileRef = 57EF092A1DBDC77100C31A35 /* multiplicative_weights_learning_model.cpp */; };
/* End PBXBuildFile section */

/* Begin PBXCopyFilesBuildPhase section */
		57DCB2531D067A9B006C59E0 /* CopyFiles */ = {
			isa = PBXCopyFilesBuildPhase;
			buildActionMask = 2147483647;
			dstPath = /usr/share/man/man1/;
			dstSubfolderSpec = 0;
			files = (
			);
			runOnlyForDeploymentPostprocessing = 1;
		};
		57DCB2711D067D37006C59E0 /* CopyFiles */ = {
			isa = PBXCopyFilesBuildPhase;
			buildActionMask = 2147483647;
			dstPath = /usr/share/man/man1/;
			dstSubfolderSpec = 0;
			files = (
			);
			runOnlyForDeploymentPostprocessing = 1;
		};
/* End PBXCopyFilesBuildPhase section */

/* Begin PBXFileReference section */
		57094E4E1CFE1B920040EF6F /* strategy.cpp */ = {isa = PBXFileReference; fileEncoding = 4; lastKnownFileType = sourcecode.cpp.cpp; path = strategy.cpp; sourceTree = "<group>"; };
		57094E4F1CFE1B920040EF6F /* strategy.hpp */ = {isa = PBXFileReference; fileEncoding = 4; lastKnownFileType = sourcecode.cpp.h; path = strategy.hpp; sourceTree = "<group>"; };
		57151B061D11A7250044E18D /* typeDefs.cpp */ = {isa = PBXFileReference; fileEncoding = 4; lastKnownFileType = sourcecode.cpp.cpp; path = typeDefs.cpp; sourceTree = "<group>"; };
		57151B071D11A7250044E18D /* typeDefs.hpp */ = {isa = PBXFileReference; fileEncoding = 4; lastKnownFileType = sourcecode.cpp.h; path = typeDefs.hpp; sourceTree = "<group>"; };
		5736194E1DB54F7E00802365 /* learning_miner.cpp */ = {isa = PBXFileReference; fileEncoding = 4; lastKnownFileType = sourcecode.cpp.cpp; path = learning_miner.cpp; sourceTree = "<group>"; };
		5736194F1DB54F7E00802365 /* learning_miner.hpp */ = {isa = PBXFileReference; fileEncoding = 4; lastKnownFileType = sourcecode.cpp.h; path = learning_miner.hpp; sourceTree = "<group>"; };
		573619561DB5653E00802365 /* minerImp.cpp */ = {isa = PBXFileReference; fileEncoding = 4; lastKnownFileType = sourcecode.cpp.cpp; path = minerImp.cpp; sourceTree = "<group>"; };
		573619571DB5653E00802365 /* minerImp.hpp */ = {isa = PBXFileReference; fileEncoding = 4; lastKnownFileType = sourcecode.cpp.h; path = minerImp.hpp; sourceTree = "<group>"; };
		57467E8C1D26F66F00AA6D27 /* game_result.cpp */ = {isa = PBXFileReference; fileEncoding = 4; lastKnownFileType = sourcecode.cpp.cpp; path = game_result.cpp; sourceTree = "<group>"; };
		57467E8D1D26F66F00AA6D27 /* game_result.hpp */ = {isa = PBXFileReference; fileEncoding = 4; lastKnownFileType = sourcecode.cpp.h; path = game_result.hpp; sourceTree = "<group>"; };
		576CFAC71D0CF41B00360E74 /* withholding_publisher.cpp */ = {isa = PBXFileReference; fileEncoding = 4; lastKnownFileType = sourcecode.cpp.cpp; path = withholding_publisher.cpp; sourceTree = "<group>"; };
		576CFAC81D0CF41B00360E74 /* withholding_publisher.hpp */ = {isa = PBXFileReference; fileEncoding = 4; lastKnownFileType = sourcecode.cpp.h; path = withholding_publisher.hpp; sourceTree = "<group>"; };
		576CFACB1D0CF94500360E74 /* simple_publisher.cpp */ = {isa = PBXFileReference; fileEncoding = 4; lastKnownFileType = sourcecode.cpp.cpp; path = simple_publisher.cpp; sourceTree = "<group>"; };
		576CFACC1D0CF94500360E74 /* simple_publisher.hpp */ = {isa = PBXFileReference; fileEncoding = 4; lastKnownFileType = sourcecode.cpp.h; path = simple_publisher.hpp; sourceTree = "<group>"; };
		576CFAD11D0D00AC00360E74 /* mining_style.cpp */ = {isa = PBXFileReference; fileEncoding = 4; lastKnownFileType = sourcecode.cpp.cpp; path = mining_style.cpp; sourceTree = "<group>"; };
		576CFAD21D0D00AC00360E74 /* mining_style.hpp */ = {isa = PBXFileReference; fileEncoding = 4; lastKnownFileType = sourcecode.cpp.h; path = mining_style.hpp; sourceTree = "<group>"; };
		576CFAD51D0D029000360E74 /* simple_mining_style.cpp */ = {isa = PBXFileReference; fileEncoding = 4; lastKnownFileType = sourcecode.cpp.cpp; path = simple_mining_style.cpp; sourceTree = "<group>"; };
		576CFAD61D0D029000360E74 /* simple_mining_style.hpp */ = {isa = PBXFileReference; fileEncoding = 4; lastKnownFileType = sourcecode.cpp.h; path = simple_mining_style.hpp; sourceTree = "<group>"; };
		576CFAD91D0D1EB500360E74 /* picky_mining_style.cpp */ = {isa = PBXFileReference; fileEncoding = 4; lastKnownFileType = sourcecode.cpp.cpp; path = picky_mining_style.cpp; sourceTree = "<group>"; };
		576CFADA1D0D1EB500360E74 /* picky_mining_style.hpp */ = {isa = PBXFileReference; fileEncoding = 4; lastKnownFileType = sourcecode.cpp.h; path = picky_mining_style.hpp; sourceTree = "<group>"; };
		5790259B1D15E126002DDF46 /* miner_result.cpp */ = {isa = PBXFileReference; fileEncoding = 4; lastKnownFileType = sourcecode.cpp.cpp; path = miner_result.cpp; sourceTree = "<group>"; };
		5790259C1D15E126002DDF46 /* miner_result.hpp */ = {isa = PBXFileReference; fileEncoding = 4; lastKnownFileType = sourcecode.cpp.h; path = miner_result.hpp; sourceTree = "<group>"; };
		5790259F1D179AD2002DDF46 /* publisherQueue.cpp */ = {isa = PBXFileReference; fileEncoding = 4; lastKnownFileType = sourcecode.cpp.cpp; path = publisherQueue.cpp; sourceTree = "<group>"; };
		579025A01D179AD2002DDF46 /* publisherQueue.hpp */ = {isa = PBXFileReference; fileEncoding = 4; lastKnownFileType = sourcecode.cpp.h; path = publisherQueue.hpp; sourceTree = "<group>"; };
		57B9326D1D09FAE3005D2F69 /* minerGroup.cpp */ = {isa = PBXFileReference; fileEncoding = 4; lastKnownFileType = sourcecode.cpp.cpp; path = minerGroup.cpp; sourceTree = "<group>"; };
		57B9326E1D09FAE3005D2F69 /* minerGroup.hpp */ = {isa = PBXFileReference; fileEncoding = 4; lastKnownFileType = sourcecode.cpp.h; path = minerGroup.hpp; sourceTree = "<group>"; };
		57B932791D0CF1E5005D2F69 /* publishing_strategy.cpp */ = {isa = PBXFileReference; fileEncoding = 4; lastKnownFileType = sourcecode.cpp.cpp; path = publishing_strategy.cpp; sourceTree = "<group>"; };
		57B9327A1D0CF1E5005D2F69 /* publishing_strategy.hpp */ = {isa = PBXFileReference; fileEncoding = 4; lastKnownFileType = sourcecode.cpp.h; path = publishing_strategy.hpp; sourceTree = "<group>"; };
		57DCB2481D060290006C59E0 /* logging.h */ = {isa = PBXFileReference; lastKnownFileType = sourcecode.c.h; path = logging.h; sourceTree = "<group>"; };
		57DCB2491D060725006C59E0 /* clever_selfish_miner.cpp */ = {isa = PBXFileReference; fileEncoding = 4; lastKnownFileType = sourcecode.cpp.cpp; path = clever_selfish_miner.cpp; sourceTree = "<group>"; };
		57DCB24A1D060725006C59E0 /* clever_selfish_miner.hpp */ = {isa = PBXFileReference; fileEncoding = 4; lastKnownFileType = sourcecode.cpp.h; path = clever_selfish_miner.hpp; sourceTree = "<group>"; };
		57DCB24C1D06351C006C59E0 /* default_selfish_miner.cpp */ = {isa = PBXFileReference; fileEncoding = 4; lastKnownFileType = sourcecode.cpp.cpp; path = default_selfish_miner.cpp; sourceTree = "<group>"; };
		57DCB24D1D06351C006C59E0 /* default_selfish_miner.hpp */ = {isa = PBXFileReference; fileEncoding = 4; lastKnownFileType = sourcecode.cpp.h; path = default_selfish_miner.hpp; sourceTree = "<group>"; };
		57DCB2551D067A9B006C59E0 /* StratSim */ = {isa = PBXFileReference; explicitFileType = "compiled.mach-o.executable"; includeInIndex = 0; path = StratSim; sourceTree = BUILT_PRODUCTS_DIR; };
		57DCB2571D067A9B006C59E0 /* main.cpp */ = {isa = PBXFileReference; lastKnownFileType = sourcecode.cpp.cpp; path = main.cpp; sourceTree = "<group>"; };
		57DCB26B1D067BC9006C59E0 /* game.cpp */ = {isa = PBXFileReference; fileEncoding = 4; lastKnownFileType = sourcecode.cpp.cpp; path = game.cpp; sourceTree = "<group>"; };
		57DCB26C1D067BC9006C59E0 /* game.hpp */ = {isa = PBXFileReference; fileEncoding = 4; lastKnownFileType = sourcecode.cpp.h; path = game.hpp; sourceTree = "<group>"; };
		57DCB2731D067D37006C59E0 /* SelfishSim */ = {isa = PBXFileReference; explicitFileType = "compiled.mach-o.executable"; includeInIndex = 0; path = SelfishSim; sourceTree = BUILT_PRODUCTS_DIR; };
		57DCB2751D067D37006C59E0 /* main.cpp */ = {isa = PBXFileReference; lastKnownFileType = sourcecode.cpp.cpp; path = main.cpp; sourceTree = "<group>"; };
		57DCB29E1D074B45006C59E0 /* arithmetic_type */ = {isa = PBXFileReference; lastKnownFileType = folder; path = arithmetic_type; sourceTree = "<group>"; };
		57DCB2A01D077A91006C59E0 /* minerParameters.h */ = {isa = PBXFileReference; lastKnownFileType = sourcecode.c.h; path = minerParameters.h; sourceTree = "<group>"; };
		57EB9B071CF6617C001244AF /* miner.cpp */ = {isa = PBXFileReference; fileEncoding = 4; lastKnownFileType = sourcecode.cpp.cpp; path = miner.cpp; sourceTree = "<group>"; };
		57EB9B081CF6617C001244AF /* miner.hpp */ = {isa = PBXFileReference; fileEncoding = 4; lastKnownFileType = sourcecode.cpp.h; path = miner.hpp; sourceTree = "<group>"; };
		57EB9B0B1CF663B1001244AF /* block.cpp */ = {isa = PBXFileReference; fileEncoding = 4; lastKnownFileType = sourcecode.cpp.cpp; path = block.cpp; sourceTree = "<group>"; };
		57EB9B0C1CF663B1001244AF /* block.hpp */ = {isa = PBXFileReference; fileEncoding = 4; lastKnownFileType = sourcecode.cpp.h; path = block.hpp; sourceTree = "<group>"; };
		57EB9B0E1CF6667B001244AF /* blockchain.cpp */ = {isa = PBXFileReference; fileEncoding = 4; lastKnownFileType = sourcecode.cpp.cpp; path = blockchain.cpp; sourceTree = "<group>"; };
		57EB9B0F1CF6667B001244AF /* blockchain.hpp */ = {isa = PBXFileReference; fileEncoding = 4; lastKnownFileType = sourcecode.cpp.h; path = blockchain.hpp; sourceTree = "<group>"; };
		57EB9B141CF669D1001244AF /* default_miner.cpp */ = {isa = PBXFileReference; fileEncoding = 4; lastKnownFileType = sourcecode.cpp.cpp; path = default_miner.cpp; sourceTree = "<group>"; };
		57EB9B151CF669D1001244AF /* default_miner.hpp */ = {isa = PBXFileReference; fileEncoding = 4; lastKnownFileType = sourcecode.cpp.h; path = default_miner.hpp; sourceTree = "<group>"; };
		57EB9B171CF66A1D001244AF /* function_fork_miner.cpp */ = {isa = PBXFileReference; fileEncoding = 4; lastKnownFileType = sourcecode.cpp.cpp; path = function_fork_miner.cpp; sourceTree = "<group>"; };
		57EB9B181CF66A1D001244AF /* function_fork_miner.hpp */ = {isa = PBXFileReference; fileEncoding = 4; lastKnownFileType = sourcecode.cpp.h; path = function_fork_miner.hpp; sourceTree = "<group>"; };
		57EB9B1B1CF68031001244AF /* utils.cpp */ = {isa = PBXFileReference; fileEncoding = 4; lastKnownFileType = sourcecode.cpp.cpp; path = utils.cpp; sourceTree = "<group>"; };
		57EB9B1C1CF68031001244AF /* utils.hpp */ = {isa = PBXFileReference; fileEncoding = 4; lastKnownFileType = sourcecode.cpp.h; path = utils.hpp; sourceTree = "<group>"; };
		57EB9B1F1CF6865E001244AF /* selfish_miner.cpp */ = {isa = PBXFileReference; fileEncoding = 4; lastKnownFileType = sourcecode.cpp.cpp; path = selfish_miner.cpp; sourceTree = "<group>"; };
		57EB9B201CF6865E001244AF /* selfish_miner.hpp */ = {isa = PBXFileReference; fileEncoding = 4; lastKnownFileType = sourcecode.cpp.h; path = selfish_miner.hpp; sourceTree = "<group>"; };
		57EB9B251CF69E40001244AF /* lazy_fork_miner.cpp */ = {isa = PBXFileReference; fileEncoding = 4; lastKnownFileType = sourcecode.cpp.cpp; path = lazy_fork_miner.cpp; sourceTree = "<group>"; };
		57EB9B261CF69E40001244AF /* lazy_fork_miner.hpp */ = {isa = PBXFileReference; fileEncoding = 4; lastKnownFileType = sourcecode.cpp.h; path = lazy_fork_miner.hpp; sourceTree = "<group>"; };
		57EB9B281CF69EB2001244AF /* petty_miner.cpp */ = {isa = PBXFileReference; fileEncoding = 4; lastKnownFileType = sourcecode.cpp.cpp; path = petty_miner.cpp; sourceTree = "<group>"; };
		57EB9B291CF69EB2001244AF /* petty_miner.hpp */ = {isa = PBXFileReference; fileEncoding = 4; lastKnownFileType = sourcecode.cpp.h; path = petty_miner.hpp; sourceTree = "<group>"; };
		57EB9B2B1CF69F02001244AF /* gap_miner.cpp */ = {isa = PBXFileReference; fileEncoding = 4; lastKnownFileType = sourcecode.cpp.cpp; path = gap_miner.cpp; sourceTree = "<group>"; };
		57EB9B2C1CF69F02001244AF /* gap_miner.hpp */ = {isa = PBXFileReference; fileEncoding = 4; lastKnownFileType = sourcecode.cpp.h; path = gap_miner.hpp; sourceTree = "<group>"; };
		57EB9B2E1CF6A636001244AF /* minerStrategies.h */ = {isa = PBXFileReference; lastKnownFileType = sourcecode.c.h; path = minerStrategies.h; sourceTree = "<group>"; };
		57EF09241DBDC22500C31A35 /* learning_model.cpp */ = {isa = PBXFileReference; fileEncoding = 4; lastKnownFileType = sourcecode.cpp.cpp; path = learning_model.cpp; sourceTree = "<group>"; };
		57EF09251DBDC22500C31A35 /* learning_model.hpp */ = {isa = PBXFileReference; fileEncoding = 4; lastKnownFileType = sourcecode.cpp.h; path = learning_model.hpp; sourceTree = "<group>"; };
		57EF09271DBDC33800C31A35 /* exp3_learning_model.cpp */ = {isa = PBXFileReference; fileEncoding = 4; lastKnownFileType = sourcecode.cpp.cpp; path = exp3_learning_model.cpp; sourceTree = "<group>"; };
		57EF09281DBDC33800C31A35 /* exp3_learning_model.hpp */ = {isa = PBXFileReference; fileEncoding = 4; lastKnownFileType = sourcecode.cpp.h; path = exp3_learning_model.hpp; sourceTree = "<group>"; };
		57EF092A1DBDC77100C31A35 /* multiplicative_weights_learning_model.cpp */ = {isa = PBXFileReference; fileEncoding = 4; lastKnownFileType = sourcecode.cpp.cpp; path = multiplicative_weights_learning_model.cpp; sourceTree = "<group>"; };
		57EF092B1DBDC77100C31A35 /* multiplicative_weights_learning_model.hpp */ = {isa = PBXFileReference; fileEncoding = 4; lastKnownFileType = sourcecode.cpp.h; path = multiplicative_weights_learning_model.hpp; sourceTree = "<group>"; };
/* End PBXFileReference section */

/* Begin PBXFrameworksBuildPhase section */
		57DCB2521D067A9B006C59E0 /* Frameworks */ = {
			isa = PBXFrameworksBuildPhase;
			buildActionMask = 2147483647;
			files = (
			);
			runOnlyForDeploymentPostprocessing = 0;
		};
		57DCB2701D067D37006C59E0 /* Frameworks */ = {
			isa = PBXFrameworksBuildPhase;
			buildActionMask = 2147483647;
			files = (
			);
			runOnlyForDeploymentPostprocessing = 0;
		};
/* End PBXFrameworksBuildPhase section */

/* Begin PBXGroup section */
		576CFAD01D0CFD5400360E74 /* Abstract Publishing Styles */ = {
			isa = PBXGroup;
			children = (
				57B9327A1D0CF1E5005D2F69 /* publishing_strategy.hpp */,
				57B932791D0CF1E5005D2F69 /* publishing_strategy.cpp */,
				576CFACC1D0CF94500360E74 /* simple_publisher.hpp */,
				576CFACB1D0CF94500360E74 /* simple_publisher.cpp */,
				576CFAC81D0CF41B00360E74 /* withholding_publisher.hpp */,
				576CFAC71D0CF41B00360E74 /* withholding_publisher.cpp */,
			);
			name = "Abstract Publishing Styles";
			sourceTree = "<group>";
		};
		576CFADD1D0D21B400360E74 /* Abstract Mining Styles */ = {
			isa = PBXGroup;
			children = (
				576CFAD21D0D00AC00360E74 /* mining_style.hpp */,
				576CFAD11D0D00AC00360E74 /* mining_style.cpp */,
				576CFAD61D0D029000360E74 /* simple_mining_style.hpp */,
				576CFAD51D0D029000360E74 /* simple_mining_style.cpp */,
				576CFADA1D0D1EB500360E74 /* picky_mining_style.hpp */,
				576CFAD91D0D1EB500360E74 /* picky_mining_style.cpp */,
			);
			name = "Abstract Mining Styles";
			sourceTree = "<group>";
		};
		57DCB2561D067A9B006C59E0 /* StratSim */ = {
			isa = PBXGroup;
			children = (
				57DCB2571D067A9B006C59E0 /* main.cpp */,
			);
			path = StratSim;
			sourceTree = "<group>";
		};
		57DCB2741D067D37006C59E0 /* SelfishSim */ = {
			isa = PBXGroup;
			children = (
				57DCB2751D067D37006C59E0 /* main.cpp */,
			);
			path = SelfishSim;
			sourceTree = "<group>";
		};
		57EB9AF41CF6436C001244AF = {
			isa = PBXGroup;
			children = (
				57EB9AFF1CF6436C001244AF /* BlockSim */,
				57DCB2561D067A9B006C59E0 /* StratSim */,
				57DCB2741D067D37006C59E0 /* SelfishSim */,
				57EB9AFE1CF6436C001244AF /* Products */,
			);
			sourceTree = "<group>";
		};
		57EB9AFE1CF6436C001244AF /* Products */ = {
			isa = PBXGroup;
			children = (
				57DCB2551D067A9B006C59E0 /* StratSim */,
				57DCB2731D067D37006C59E0 /* SelfishSim */,
			);
			name = Products;
			sourceTree = "<group>";
		};
		57EB9AFF1CF6436C001244AF /* BlockSim */ = {
			isa = PBXGroup;
			children = (
				57DCB29E1D074B45006C59E0 /* arithmetic_type */,
				57EB9B1C1CF68031001244AF /* utils.hpp */,
				57EB9B1B1CF68031001244AF /* utils.cpp */,
				57EB9B2E1CF6A636001244AF /* minerStrategies.h */,
				57DCB2A01D077A91006C59E0 /* minerParameters.h */,
				57EB9B081CF6617C001244AF /* miner.hpp */,
				57EB9B071CF6617C001244AF /* miner.cpp */,
				5736194F1DB54F7E00802365 /* learning_miner.hpp */,
				5736194E1DB54F7E00802365 /* learning_miner.cpp */,
				57094E4F1CFE1B920040EF6F /* strategy.hpp */,
				57094E4E1CFE1B920040EF6F /* strategy.cpp */,
				573619571DB5653E00802365 /* minerImp.hpp */,
				573619561DB5653E00802365 /* minerImp.cpp */,
				576CFAD01D0CFD5400360E74 /* Abstract Publishing Styles */,
				576CFADD1D0D21B400360E74 /* Abstract Mining Styles */,
				57EB9B1E1CF6853D001244AF /* Miners */,
				57EB9B0C1CF663B1001244AF /* block.hpp */,
				57EB9B0B1CF663B1001244AF /* block.cpp */,
				57EB9B0F1CF6667B001244AF /* blockchain.hpp */,
				57EB9B0E1CF6667B001244AF /* blockchain.cpp */,
				57B9326E1D09FAE3005D2F69 /* minerGroup.hpp */,
				57B9326D1D09FAE3005D2F69 /* minerGroup.cpp */,
				57EF092D1DBE454900C31A35 /* Learning Model */,
				579025A01D179AD2002DDF46 /* publisherQueue.hpp */,
				5790259F1D179AD2002DDF46 /* publisherQueue.cpp */,
				5790259C1D15E126002DDF46 /* miner_result.hpp */,
				5790259B1D15E126002DDF46 /* miner_result.cpp */,
				57467E8D1D26F66F00AA6D27 /* game_result.hpp */,
				57467E8C1D26F66F00AA6D27 /* game_result.cpp */,
				57DCB26C1D067BC9006C59E0 /* game.hpp */,
				57DCB26B1D067BC9006C59E0 /* game.cpp */,
				57DCB2481D060290006C59E0 /* logging.h */,
				57151B071D11A7250044E18D /* typeDefs.hpp */,
				57151B061D11A7250044E18D /* typeDefs.cpp */,
			);
			path = BlockSim;
			sourceTree = "<group>";
		};
		57EB9B1E1CF6853D001244AF /* Miners */ = {
			isa = PBXGroup;
			children = (
				57EB9B151CF669D1001244AF /* default_miner.hpp */,
				57EB9B141CF669D1001244AF /* default_miner.cpp */,
				57EB9B291CF69EB2001244AF /* petty_miner.hpp */,
				57EB9B281CF69EB2001244AF /* petty_miner.cpp */,
				57EB9B181CF66A1D001244AF /* function_fork_miner.hpp */,
				57EB9B171CF66A1D001244AF /* function_fork_miner.cpp */,
				57EB9B261CF69E40001244AF /* lazy_fork_miner.hpp */,
				57EB9B251CF69E40001244AF /* lazy_fork_miner.cpp */,
				57EB9B2C1CF69F02001244AF /* gap_miner.hpp */,
				57EB9B2B1CF69F02001244AF /* gap_miner.cpp */,
				57EB9B201CF6865E001244AF /* selfish_miner.hpp */,
				57EB9B1F1CF6865E001244AF /* selfish_miner.cpp */,
				57DCB24A1D060725006C59E0 /* clever_selfish_miner.hpp */,
				57DCB2491D060725006C59E0 /* clever_selfish_miner.cpp */,
				57DCB24D1D06351C006C59E0 /* default_selfish_miner.hpp */,
				57DCB24C1D06351C006C59E0 /* default_selfish_miner.cpp */,
			);
			name = Miners;
			sourceTree = "<group>";
		};
		57EF092D1DBE454900C31A35 /* Learning Model */ = {
			isa = PBXGroup;
			children = (
				57EF09251DBDC22500C31A35 /* learning_model.hpp */,
				57EF09241DBDC22500C31A35 /* learning_model.cpp */,
				57EF09281DBDC33800C31A35 /* exp3_learning_model.hpp */,
				57EF09271DBDC33800C31A35 /* exp3_learning_model.cpp */,
				57EF092B1DBDC77100C31A35 /* multiplicative_weights_learning_model.hpp */,
				57EF092A1DBDC77100C31A35 /* multiplicative_weights_learning_model.cpp */,
			);
			name = "Learning Model";
			sourceTree = "<group>";
		};
/* End PBXGroup section */

/* Begin PBXNativeTarget section */
		57DCB2541D067A9B006C59E0 /* StratSim */ = {
			isa = PBXNativeTarget;
			buildConfigurationList = 57DCB2591D067A9B006C59E0 /* Build configuration list for PBXNativeTarget "StratSim" */;
			buildPhases = (
				57DCB2511D067A9B006C59E0 /* Sources */,
				57DCB2521D067A9B006C59E0 /* Frameworks */,
				57DCB2531D067A9B006C59E0 /* CopyFiles */,
			);
			buildRules = (
			);
			dependencies = (
			);
			name = StratSim;
			productName = StratSim;
			productReference = 57DCB2551D067A9B006C59E0 /* StratSim */;
			productType = "com.apple.product-type.tool";
		};
		57DCB2721D067D37006C59E0 /* SelfishSim */ = {
			isa = PBXNativeTarget;
			buildConfigurationList = 57DCB2771D067D37006C59E0 /* Build configuration list for PBXNativeTarget "SelfishSim" */;
			buildPhases = (
				57DCB26F1D067D37006C59E0 /* Sources */,
				57DCB2701D067D37006C59E0 /* Frameworks */,
				57DCB2711D067D37006C59E0 /* CopyFiles */,
			);
			buildRules = (
			);
			dependencies = (
			);
			name = SelfishSim;
			productName = SelfishSim;
			productReference = 57DCB2731D067D37006C59E0 /* SelfishSim */;
			productType = "com.apple.product-type.tool";
		};
/* End PBXNativeTarget section */

/* Begin PBXProject section */
		57EB9AF51CF6436C001244AF /* Project object */ = {
			isa = PBXProject;
			attributes = {
				LastUpgradeCheck = 0800;
				ORGANIZATIONNAME = "Harry Kalodner";
				TargetAttributes = {
					57DCB2541D067A9B006C59E0 = {
						CreatedOnToolsVersion = 7.3.1;
					};
					57DCB2721D067D37006C59E0 = {
						CreatedOnToolsVersion = 7.3.1;
					};
				};
			};
			buildConfigurationList = 57EB9AF81CF6436C001244AF /* Build configuration list for PBXProject "BlockSim" */;
			compatibilityVersion = "Xcode 3.2";
			developmentRegion = English;
			hasScannedForEncodings = 0;
			knownRegions = (
				en,
			);
			mainGroup = 57EB9AF41CF6436C001244AF;
			productRefGroup = 57EB9AFE1CF6436C001244AF /* Products */;
			projectDirPath = "";
			projectRoot = "";
			targets = (
				57DCB2541D067A9B006C59E0 /* StratSim */,
				57DCB2721D067D37006C59E0 /* SelfishSim */,
			);
		};
/* End PBXProject section */

/* Begin PBXSourcesBuildPhase section */
		57DCB2511D067A9B006C59E0 /* Sources */ = {
			isa = PBXSourcesBuildPhase;
			buildActionMask = 2147483647;
			files = (
				57DCB25C1D067B79006C59E0 /* strategy.cpp in Sources */,
				57DCB25D1D067B79006C59E0 /* utils.cpp in Sources */,
				57DCB25E1D067B79006C59E0 /* miner.cpp in Sources */,
				57DCB25F1D067B79006C59E0 /* default_miner.cpp in Sources */,
				57DCB2601D067B79006C59E0 /* petty_miner.cpp in Sources */,
				57467E8E1D26F66F00AA6D27 /* game_result.cpp in Sources */,
				57DCB2611D067B79006C59E0 /* function_fork_miner.cpp in Sources */,
				57DCB2621D067B79006C59E0 /* lazy_fork_miner.cpp in Sources */,
				57DCB2641D067B79006C59E0 /* gap_miner.cpp in Sources */,
				573619581DB5653E00802365 /* minerImp.cpp in Sources */,
				576CFAD31D0D00AC00360E74 /* mining_style.cpp in Sources */,
				576CFADB1D0D1EB500360E74 /* picky_mining_style.cpp in Sources */,
				57DCB2651D067B79006C59E0 /* default_selfish_miner.cpp in Sources */,
				576CFAC91D0CF41B00360E74 /* withholding_publisher.cpp in Sources */,
				57DCB2661D067B79006C59E0 /* selfish_miner.cpp in Sources */,
				57DCB2671D067B79006C59E0 /* clever_selfish_miner.cpp in Sources */,
				57B9327B1D0CF1E6005D2F69 /* publishing_strategy.cpp in Sources */,
				576CFACD1D0CF94500360E74 /* simple_publisher.cpp in Sources */,
				57EF09291DBDC33800C31A35 /* exp3_learning_model.cpp in Sources */,
				57DCB2681D067B79006C59E0 /* block.cpp in Sources */,
				57151B081D11A7250044E18D /* typeDefs.cpp in Sources */,
				57B9326F1D09FAE3005D2F69 /* minerGroup.cpp in Sources */,
				57DCB2691D067B79006C59E0 /* blockchain.cpp in Sources */,
				57EF09261DBDC22500C31A35 /* learning_model.cpp in Sources */,
				579025A11D179AD2002DDF46 /* publisherQueue.cpp in Sources */,
				5790259D1D15E126002DDF46 /* miner_result.cpp in Sources */,
				57DCB26E1D067BC9006C59E0 /* game.cpp in Sources */,
				573619501DB54F7E00802365 /* learning_miner.cpp in Sources */,
				576CFAD71D0D029000360E74 /* simple_mining_style.cpp in Sources */,
				57DCB2581D067A9B006C59E0 /* main.cpp in Sources */,
				57EF092C1DBDC77100C31A35 /* multiplicative_weights_learning_model.cpp in Sources */,
			);
			runOnlyForDeploymentPostprocessing = 0;
		};
		57DCB26F1D067D37006C59E0 /* Sources */ = {
			isa = PBXSourcesBuildPhase;
			buildActionMask = 2147483647;
			files = (
				57DCB27A1D067D9F006C59E0 /* strategy.cpp in Sources */,
				57DCB27B1D067D9F006C59E0 /* utils.cpp in Sources */,
				57DCB27C1D067D9F006C59E0 /* miner.cpp in Sources */,
				57DCB27D1D067D9F006C59E0 /* default_miner.cpp in Sources */,
				57DCB27E1D067D9F006C59E0 /* petty_miner.cpp in Sources */,
				57467E8F1D26F66F00AA6D27 /* game_result.cpp in Sources */,
				57DCB27F1D067D9F006C59E0 /* function_fork_miner.cpp in Sources */,
				57DCB2801D067D9F006C59E0 /* lazy_fork_miner.cpp in Sources */,
				57DCB2821D067D9F006C59E0 /* gap_miner.cpp in Sources */,
				573619591DB5653E00802365 /* minerImp.cpp in Sources */,
				576CFAD41D0D00AC00360E74 /* mining_style.cpp in Sources */,
				576CFADC1D0D1EB500360E74 /* picky_mining_style.cpp in Sources */,
				57DCB2831D067D9F006C59E0 /* default_selfish_miner.cpp in Sources */,
				576CFACA1D0CF41B00360E74 /* withholding_publisher.cpp in Sources */,
				57DCB2841D067D9F006C59E0 /* selfish_miner.cpp in Sources */,
				57DCB2851D067D9F006C59E0 /* clever_selfish_miner.cpp in Sources */,
				57B9327C1D0CF1E6005D2F69 /* publishing_strategy.cpp in Sources */,
				576CFACE1D0CF94500360E74 /* simple_publisher.cpp in Sources */,
				57DCB2861D067D9F006C59E0 /* block.cpp in Sources */,
				57151B091D11A7250044E18D /* typeDefs.cpp in Sources */,
				57B932701D09FAE3005D2F69 /* minerGroup.cpp in Sources */,
				57DCB2871D067D9F006C59E0 /* blockchain.cpp in Sources */,
				579025A21D179AD2002DDF46 /* publisherQueue.cpp in Sources */,
				5790259E1D15E126002DDF46 /* miner_result.cpp in Sources */,
				57DCB2891D067D9F006C59E0 /* game.cpp in Sources */,
				573619511DB54F7E00802365 /* learning_miner.cpp in Sources */,
				576CFAD81D0D029000360E74 /* simple_mining_style.cpp in Sources */,
				57DCB2761D067D37006C59E0 /* main.cpp in Sources */,
			);
			runOnlyForDeploymentPostprocessing = 0;
		};
/* End PBXSourcesBuildPhase section */

/* Begin XCBuildConfiguration section */
		57DCB25A1D067A9B006C59E0 /* Debug */ = {
			isa = XCBuildConfiguration;
			buildSettings = {
				HEADER_SEARCH_PATHS = (
					/usr/local/include,
					/usr/local/include/boost,
					/Users/hkalodner/Dropbox/Projects/BlockSim/BlockSim,
				);
				LIBRARY_SEARCH_PATHS = (
					"$(inherited)",
					/usr/local/Cellar/boost/1.60.0_1/lib,
				);
				PRODUCT_NAME = "$(TARGET_NAME)";
			};
			name = Debug;
		};
		57DCB25B1D067A9B006C59E0 /* Release */ = {
			isa = XCBuildConfiguration;
			buildSettings = {
				HEADER_SEARCH_PATHS = (
					/usr/local/include,
					/usr/local/include/boost,
					/Users/hkalodner/Dropbox/Projects/BlockSim/BlockSim,
				);
				LIBRARY_SEARCH_PATHS = (
					"$(inherited)",
					/usr/local/Cellar/boost/1.60.0_1/lib,
				);
				PRODUCT_NAME = "$(TARGET_NAME)";
			};
			name = Release;
		};
		57DCB2781D067D37006C59E0 /* Debug */ = {
			isa = XCBuildConfiguration;
			buildSettings = {
				PRODUCT_NAME = "$(TARGET_NAME)";
			};
			name = Debug;
		};
		57DCB2791D067D37006C59E0 /* Release */ = {
			isa = XCBuildConfiguration;
			buildSettings = {
				PRODUCT_NAME = "$(TARGET_NAME)";
			};
			name = Release;
		};
		57EB9B021CF6436C001244AF /* Debug */ = {
			isa = XCBuildConfiguration;
			buildSettings = {
				CLANG_ANALYZER_LOCALIZABILITY_EMPTY_CONTEXT = YES;
				CLANG_ANALYZER_LOCALIZABILITY_NONLOCALIZED = YES;
				CLANG_ANALYZER_NONNULL = YES;
				CLANG_ANALYZER_SECURITY_FLOATLOOPCOUNTER = YES;
				CLANG_ANALYZER_SECURITY_INSECUREAPI_RAND = YES;
				CLANG_ANALYZER_SECURITY_INSECUREAPI_STRCPY = YES;
				CLANG_CXX_LANGUAGE_STANDARD = "gnu++14";
				CLANG_CXX_LIBRARY = "libc++";
				CLANG_ENABLE_MODULES = YES;
				CLANG_ENABLE_OBJC_ARC = YES;
				CLANG_WARN_ASSIGN_ENUM = YES;
				CLANG_WARN_BOOL_CONVERSION = YES;
				CLANG_WARN_CONSTANT_CONVERSION = YES;
				CLANG_WARN_CXX0X_EXTENSIONS = YES;
				CLANG_WARN_DEPRECATED_OBJC_IMPLEMENTATIONS = YES;
				CLANG_WARN_DIRECT_OBJC_ISA_USAGE = YES_ERROR;
				CLANG_WARN_DOCUMENTATION_COMMENTS = YES;
				CLANG_WARN_EMPTY_BODY = YES;
				CLANG_WARN_ENUM_CONVERSION = YES;
				CLANG_WARN_IMPLICIT_SIGN_CONVERSION = YES;
				CLANG_WARN_INFINITE_RECURSION = YES;
				CLANG_WARN_INT_CONVERSION = YES;
				CLANG_WARN_NULLABLE_TO_NONNULL_CONVERSION = YES;
				CLANG_WARN_OBJC_EXPLICIT_OWNERSHIP_TYPE = YES;
				CLANG_WARN_OBJC_IMPLICIT_ATOMIC_PROPERTIES = YES;
				CLANG_WARN_OBJC_IMPLICIT_RETAIN_SELF = YES;
				CLANG_WARN_OBJC_MISSING_PROPERTY_SYNTHESIS = YES;
				CLANG_WARN_OBJC_REPEATED_USE_OF_WEAK = YES;
				CLANG_WARN_OBJC_ROOT_CLASS = YES_ERROR;
				CLANG_WARN_SUSPICIOUS_IMPLICIT_CONVERSION = YES;
				CLANG_WARN_SUSPICIOUS_MOVE = YES;
				CLANG_WARN_UNREACHABLE_CODE = YES;
				CLANG_WARN__DUPLICATE_METHOD_MATCH = YES;
				CLANG_WARN__EXIT_TIME_DESTRUCTORS = YES;
				CODE_SIGN_IDENTITY = "-";
				COPY_PHASE_STRIP = NO;
				DEBUG_INFORMATION_FORMAT = dwarf;
				ENABLE_STRICT_OBJC_MSGSEND = YES;
				ENABLE_TESTABILITY = YES;
				GCC_C_LANGUAGE_STANDARD = gnu99;
				GCC_DYNAMIC_NO_PIC = NO;
				GCC_NO_COMMON_BLOCKS = YES;
				GCC_OPTIMIZATION_LEVEL = 0;
				GCC_PREPROCESSOR_DEFINITIONS = (
					"DEBUG=1",
					"$(inherited)",
				);
				GCC_TREAT_IMPLICIT_FUNCTION_DECLARATIONS_AS_ERRORS = YES;
				GCC_TREAT_INCOMPATIBLE_POINTER_TYPE_WARNINGS_AS_ERRORS = YES;
				GCC_WARN_64_TO_32_BIT_CONVERSION = YES;
				GCC_WARN_ABOUT_MISSING_FIELD_INITIALIZERS = YES;
				GCC_WARN_ABOUT_MISSING_NEWLINE = YES;
				GCC_WARN_ABOUT_MISSING_PROTOTYPES = YES;
				GCC_WARN_ABOUT_RETURN_TYPE = YES_ERROR;
				GCC_WARN_FOUR_CHARACTER_CONSTANTS = YES;
				GCC_WARN_HIDDEN_VIRTUAL_FUNCTIONS = YES;
				GCC_WARN_INITIALIZER_NOT_FULLY_BRACKETED = YES;
				GCC_WARN_NON_VIRTUAL_DESTRUCTOR = YES;
				GCC_WARN_PEDANTIC = YES;
				GCC_WARN_SHADOW = YES;
				GCC_WARN_SIGN_COMPARE = YES;
				GCC_WARN_STRICT_SELECTOR_MATCH = YES;
				GCC_WARN_UNDECLARED_SELECTOR = YES;
				GCC_WARN_UNINITIALIZED_AUTOS = YES_AGGRESSIVE;
				GCC_WARN_UNKNOWN_PRAGMAS = YES;
				GCC_WARN_UNUSED_FUNCTION = YES;
				GCC_WARN_UNUSED_LABEL = YES;
				GCC_WARN_UNUSED_PARAMETER = YES;
				GCC_WARN_UNUSED_VARIABLE = YES;
				HEADER_SEARCH_PATHS = /usr/local/include;
				LIBRARY_SEARCH_PATHS = /usr/local/lib;
				MACOSX_DEPLOYMENT_TARGET = 10.11;
				MTL_ENABLE_DEBUG_INFO = YES;
				ONLY_ACTIVE_ARCH = YES;
				OTHER_LDFLAGS = "-lgsl";
				SDKROOT = macosx;
				WARNING_CFLAGS = (
					"-Wall",
					"-Wextra",
					"-Wpedantic",
					"-Weverything",
					"-Wno-c++98-compat",
					"-Wno-c++98-compat-pedantic",
					"-Wno-padded",
					"-Wno-reserved-id-macro",
				);
			};
			name = Debug;
		};
		57EB9B031CF6436C001244AF /* Release */ = {
			isa = XCBuildConfiguration;
			buildSettings = {
				CLANG_ANALYZER_LOCALIZABILITY_EMPTY_CONTEXT = YES;
				CLANG_ANALYZER_LOCALIZABILITY_NONLOCALIZED = YES;
				CLANG_ANALYZER_NONNULL = YES;
				CLANG_ANALYZER_SECURITY_FLOATLOOPCOUNTER = YES;
				CLANG_ANALYZER_SECURITY_INSECUREAPI_RAND = YES;
				CLANG_ANALYZER_SECURITY_INSECUREAPI_STRCPY = YES;
				CLANG_CXX_LANGUAGE_STANDARD = "gnu++14";
				CLANG_CXX_LIBRARY = "libc++";
				CLANG_ENABLE_MODULES = YES;
				CLANG_ENABLE_OBJC_ARC = YES;
				CLANG_WARN_ASSIGN_ENUM = YES;
				CLANG_WARN_BOOL_CONVERSION = YES;
				CLANG_WARN_CONSTANT_CONVERSION = YES;
				CLANG_WARN_CXX0X_EXTENSIONS = YES;
				CLANG_WARN_DEPRECATED_OBJC_IMPLEMENTATIONS = YES;
				CLANG_WARN_DIRECT_OBJC_ISA_USAGE = YES_ERROR;
				CLANG_WARN_DOCUMENTATION_COMMENTS = YES;
				CLANG_WARN_EMPTY_BODY = YES;
				CLANG_WARN_ENUM_CONVERSION = YES;
				CLANG_WARN_IMPLICIT_SIGN_CONVERSION = YES;
				CLANG_WARN_INFINITE_RECURSION = YES;
				CLANG_WARN_INT_CONVERSION = YES;
				CLANG_WARN_NULLABLE_TO_NONNULL_CONVERSION = YES;
				CLANG_WARN_OBJC_EXPLICIT_OWNERSHIP_TYPE = YES;
				CLANG_WARN_OBJC_IMPLICIT_ATOMIC_PROPERTIES = YES;
				CLANG_WARN_OBJC_IMPLICIT_RETAIN_SELF = YES;
				CLANG_WARN_OBJC_MISSING_PROPERTY_SYNTHESIS = YES;
				CLANG_WARN_OBJC_REPEATED_USE_OF_WEAK = YES;
				CLANG_WARN_OBJC_ROOT_CLASS = YES_ERROR;
				CLANG_WARN_SUSPICIOUS_IMPLICIT_CONVERSION = YES;
				CLANG_WARN_SUSPICIOUS_MOVE = YES;
				CLANG_WARN_UNREACHABLE_CODE = YES;
				CLANG_WARN__DUPLICATE_METHOD_MATCH = YES;
				CLANG_WARN__EXIT_TIME_DESTRUCTORS = YES;
				CODE_SIGN_IDENTITY = "-";
				COPY_PHASE_STRIP = NO;
				DEBUG_INFORMATION_FORMAT = "dwarf-with-dsym";
				ENABLE_NS_ASSERTIONS = NO;
				ENABLE_STRICT_OBJC_MSGSEND = YES;
				GCC_C_LANGUAGE_STANDARD = gnu99;
				GCC_NO_COMMON_BLOCKS = YES;
				GCC_TREAT_IMPLICIT_FUNCTION_DECLARATIONS_AS_ERRORS = YES;
				GCC_TREAT_INCOMPATIBLE_POINTER_TYPE_WARNINGS_AS_ERRORS = YES;
				GCC_WARN_64_TO_32_BIT_CONVERSION = YES;
				GCC_WARN_ABOUT_MISSING_FIELD_INITIALIZERS = YES;
				GCC_WARN_ABOUT_MISSING_NEWLINE = YES;
				GCC_WARN_ABOUT_MISSING_PROTOTYPES = YES;
				GCC_WARN_ABOUT_RETURN_TYPE = YES_ERROR;
				GCC_WARN_FOUR_CHARACTER_CONSTANTS = YES;
				GCC_WARN_HIDDEN_VIRTUAL_FUNCTIONS = YES;
				GCC_WARN_INITIALIZER_NOT_FULLY_BRACKETED = YES;
				GCC_WARN_NON_VIRTUAL_DESTRUCTOR = YES;
				GCC_WARN_PEDANTIC = YES;
				GCC_WARN_SHADOW = YES;
				GCC_WARN_SIGN_COMPARE = YES;
				GCC_WARN_STRICT_SELECTOR_MATCH = YES;
				GCC_WARN_UNDECLARED_SELECTOR = YES;
				GCC_WARN_UNINITIALIZED_AUTOS = YES_AGGRESSIVE;
				GCC_WARN_UNKNOWN_PRAGMAS = YES;
				GCC_WARN_UNUSED_FUNCTION = YES;
				GCC_WARN_UNUSED_LABEL = YES;
				GCC_WARN_UNUSED_PARAMETER = YES;
				GCC_WARN_UNUSED_VARIABLE = YES;
				HEADER_SEARCH_PATHS = /usr/local/include;
				LIBRARY_SEARCH_PATHS = /usr/local/lib;
				MACOSX_DEPLOYMENT_TARGET = 10.11;
				MTL_ENABLE_DEBUG_INFO = NO;
				OTHER_LDFLAGS = "-lgsl";
				SDKROOT = macosx;
				WARNING_CFLAGS = (
					"-Wall",
					"-Wextra",
					"-Wpedantic",
					"-Weverything",
					"-Wno-c++98-compat",
					"-Wno-c++98-compat-pedantic",
					"-Wno-padded",
					"-Wno-reserved-id-macro",
				);
			};
			name = Release;
		};
/* End XCBuildConfiguration section */

/* Begin XCConfigurationList section */
		57DCB2591D067A9B006C59E0 /* Build configuration list for PBXNativeTarget "StratSim" */ = {
			isa = XCConfigurationList;
			buildConfigurations = (
				57DCB25A1D067A9B006C59E0 /* Debug */,
				57DCB25B1D067A9B006C59E0 /* Release */,
			);
			defaultConfigurationIsVisible = 0;
			defaultConfigurationName = Release;
		};
		57DCB2771D067D37006C59E0 /* Build configuration list for PBXNativeTarget "SelfishSim" */ = {
			isa = XCConfigurationList;
			buildConfigurations = (
				57DCB2781D067D37006C59E0 /* Debug */,
				57DCB2791D067D37006C59E0 /* Release */,
			);
			defaultConfigurationIsVisible = 0;
			defaultConfigurationName = Release;
		};
		57EB9AF81CF6436C001244AF /* Build configuration list for PBXProject "BlockSim" */ = {
			isa = XCConfigurationList;
			buildConfigurations = (
				57EB9B021CF6436C001244AF /* Debug */,
				57EB9B031CF6436C001244AF /* Release */,
			);
			defaultConfigurationIsVisible = 0;
			defaultConfigurationName = Release;
		};
/* End XCConfigurationList section */
	};
	rootObject = 57EB9AF51CF6436C001244AF /* Project object */;
}
